
Microsoft Visual Studio Solution File, Format Version 12.00
# Visual Studio 14
VisualStudioVersion = 14.0.23107.0
MinimumVisualStudioVersion = 10.0.40219.1
Project("{FAE04EC0-301F-11D3-BF4B-00C04F79EFBC}") = "宁夏土地和矿权拍卖系统_Services", "宁夏土地和矿权拍卖系统_Services\宁夏土地和矿权拍卖系统_Services.csproj", "{B68FB670-D2FD-4B2B-8001-D591A7674A36}"
EndProject
Project("{FAE04EC0-301F-11D3-BF4B-00C04F79EFBC}") = "BLL拍卖系统", "BLL拍卖系统\BLL拍卖系统.csproj", "{7D5A3302-6963-4762-8576-27F8F1361E07}"
EndProject
Project("{FAE04EC0-301F-11D3-BF4B-00C04F79EFBC}") = "DALPublic", "DAL\DALPublic.csproj", "{CF150DAB-80C7-4354-A494-9CA78968ACC6}"
EndProject
Global
	GlobalSection(SolutionConfigurationPlatforms) = preSolution
		Debug|Any CPU = Debug|Any CPU
		Release|Any CPU = Release|Any CPU
	EndGlobalSection
	GlobalSection(ProjectConfigurationPlatforms) = postSolution
		{B68FB670-D2FD-4B2B-8001-D591A7674A36}.Debug|Any CPU.ActiveCfg = Debug|Any CPU
		{B68FB670-D2FD-4B2B-8001-D591A7674A36}.Debug|Any CPU.Build.0 = Debug|Any CPU
		{B68FB670-D2FD-4B2B-8001-D591A7674A36}.Release|Any CPU.ActiveCfg = Release|Any CPU
		{B68FB670-D2FD-4B2B-8001-D591A7674A36}.Release|Any CPU.Build.0 = Release|Any CPU
		{7D5A3302-6963-4762-8576-27F8F1361E07}.Debug|Any CPU.ActiveCfg = Debug|Any CPU
		{7D5A3302-6963-4762-8576-27F8F1361E07}.Debug|Any CPU.Build.0 = Debug|Any CPU
		{7D5A3302-6963-4762-8576-27F8F1361E07}.Release|Any CPU.ActiveCfg = Release|Any CPU
		{7D5A3302-6963-4762-8576-27F8F1361E07}.Release|Any CPU.Build.0 = Release|Any CPU
		{CF150DAB-80C7-4354-A494-9CA78968ACC6}.Debug|Any CPU.ActiveCfg = Debug|Any CPU
		{CF150DAB-80C7-4354-A494-9CA78968ACC6}.Debug|Any CPU.Build.0 = Debug|Any CPU
		{CF150DAB-80C7-4354-A494-9CA78968ACC6}.Release|Any CPU.ActiveCfg = Release|Any CPU
		{CF150DAB-80C7-4354-A494-9CA78968ACC6}.Release|Any CPU.Build.0 = Release|Any CPU
	EndGlobalSection
	GlobalSection(SolutionProperties) = preSolution
		HideSolutionNode = FALSE
	EndGlobalSection
EndGlobal
